// !$*UTF8*$!
{
	archiveVersion = 1;
	classes = {
	};
	objectVersion = 46;
	objects = {

/* Begin PBXBuildFile section */
		D506119E1A718AFE00DEFE4E /* ContainerViewController.swift in Sources */ = {isa = PBXBuildFile; fileRef = D506119D1A718AFE00DEFE4E /* ContainerViewController.swift */; };
		D50611A01A71938100DEFE4E /* MenuViewController.swift in Sources */ = {isa = PBXBuildFile; fileRef = D506119F1A71938100DEFE4E /* MenuViewController.swift */; };
		D52A4F991A73D3C80074C481 /* Page2View.swift in Sources */ = {isa = PBXBuildFile; fileRef = D52A4F981A73D3C80074C481 /* Page2View.swift */; };
		D52A4F9B1A73D8F70074C481 /* SecondStoryboard.storyboard in Resources */ = {isa = PBXBuildFile; fileRef = D52A4F9A1A73D8F70074C481 /* SecondStoryboard.storyboard */; };
		D52A4F9D1A73D94F0074C481 /* Page3View.swift in Sources */ = {isa = PBXBuildFile; fileRef = D52A4F9C1A73D94F0074C481 /* Page3View.swift */; };
		D5577F221A6EC71400CBE0AE /* AppDelegate.swift in Sources */ = {isa = PBXBuildFile; fileRef = D5577F211A6EC71400CBE0AE /* AppDelegate.swift */; };
		D5577F261A6EC71400CBE0AE /* Images.xcassets in Resources */ = {isa = PBXBuildFile; fileRef = D5577F251A6EC71400CBE0AE /* Images.xcassets */; };
		D5577F291A6EC71400CBE0AE /* Main.storyboard in Resources */ = {isa = PBXBuildFile; fileRef = D5577F271A6EC71400CBE0AE /* Main.storyboard */; };
		D5577F351A6EC71400CBE0AE /* SplitViewAutolayoutTests.swift in Sources */ = {isa = PBXBuildFile; fileRef = D5577F341A6EC71400CBE0AE /* SplitViewAutolayoutTests.swift */; };
		D5577F3F1A6ECA1D00CBE0AE /* MenuView.swift in Sources */ = {isa = PBXBuildFile; fileRef = D5577F3E1A6ECA1D00CBE0AE /* MenuView.swift */; };
		D5577F411A6ECAB300CBE0AE /* SplitViewController.swift in Sources */ = {isa = PBXBuildFile; fileRef = D5577F401A6ECAB300CBE0AE /* SplitViewController.swift */; };
		D557F0261A71886D00FE297B /* SplitView.swift in Sources */ = {isa = PBXBuildFile; fileRef = D557F0251A71886D00FE297B /* SplitView.swift */; };
		D57853631A781DE100B38587 /* NSViewExtensions.swift in Sources */ = {isa = PBXBuildFile; fileRef = D57853621A781DE100B38587 /* NSViewExtensions.swift */; };
		D5B186861A7197BB00E20C51 /* Page1View.swift in Sources */ = {isa = PBXBuildFile; fileRef = D5B186851A7197BB00E20C51 /* Page1View.swift */; };
		D5B186881A7197CB00E20C51 /* ContainerView.swift in Sources */ = {isa = PBXBuildFile; fileRef = D5B186871A7197CB00E20C51 /* ContainerView.swift */; };
		D5B1868A1A7197E000E20C51 /* Page1ViewController.swift in Sources */ = {isa = PBXBuildFile; fileRef = D5B186891A7197E000E20C51 /* Page1ViewController.swift */; };
/* End PBXBuildFile section */

/* Begin PBXContainerItemProxy section */
		D5577F2F1A6EC71400CBE0AE /* PBXContainerItemProxy */ = {
			isa = PBXContainerItemProxy;
			containerPortal = D5577F141A6EC71400CBE0AE /* Project object */;
			proxyType = 1;
			remoteGlobalIDString = D5577F1B1A6EC71400CBE0AE;
			remoteInfo = SplitViewAutolayout;
		};
/* End PBXContainerItemProxy section */

/* Begin PBXFileReference section */
		D506119D1A718AFE00DEFE4E /* ContainerViewController.swift */ = {isa = PBXFileReference; fileEncoding = 4; lastKnownFileType = sourcecode.swift; path = ContainerViewController.swift; sourceTree = "<group>"; };
		D506119F1A71938100DEFE4E /* MenuViewController.swift */ = {isa = PBXFileReference; fileEncoding = 4; lastKnownFileType = sourcecode.swift; path = MenuViewController.swift; sourceTree = "<group>"; };
		D52A4F981A73D3C80074C481 /* Page2View.swift */ = {isa = PBXFileReference; fileEncoding = 4; lastKnownFileType = sourcecode.swift; path = Page2View.swift; sourceTree = "<group>"; };
		D52A4F9A1A73D8F70074C481 /* SecondStoryboard.storyboard */ = {isa = PBXFileReference; fileEncoding = 4; lastKnownFileType = file.storyboard; path = SecondStoryboard.storyboard; sourceTree = "<group>"; };
		D52A4F9C1A73D94F0074C481 /* Page3View.swift */ = {isa = PBXFileReference; fileEncoding = 4; lastKnownFileType = sourcecode.swift; path = Page3View.swift; sourceTree = "<group>"; };
		D5577F1C1A6EC71400CBE0AE /* SplitViewAutolayout.app */ = {isa = PBXFileReference; explicitFileType = wrapper.application; includeInIndex = 0; path = SplitViewAutolayout.app; sourceTree = BUILT_PRODUCTS_DIR; };
		D5577F201A6EC71400CBE0AE /* Info.plist */ = {isa = PBXFileReference; lastKnownFileType = text.plist.xml; path = Info.plist; sourceTree = "<group>"; };
		D5577F211A6EC71400CBE0AE /* AppDelegate.swift */ = {isa = PBXFileReference; lastKnownFileType = sourcecode.swift; path = AppDelegate.swift; sourceTree = "<group>"; };
		D5577F251A6EC71400CBE0AE /* Images.xcassets */ = {isa = PBXFileReference; lastKnownFileType = folder.assetcatalog; path = Images.xcassets; sourceTree = "<group>"; };
		D5577F281A6EC71400CBE0AE /* Base */ = {isa = PBXFileReference; lastKnownFileType = file.storyboard; name = Base; path = Base.lproj/Main.storyboard; sourceTree = "<group>"; };
		D5577F2E1A6EC71400CBE0AE /* SplitViewAutolayoutTests.xctest */ = {isa = PBXFileReference; explicitFileType = wrapper.cfbundle; includeInIndex = 0; path = SplitViewAutolayoutTests.xctest; sourceTree = BUILT_PRODUCTS_DIR; };
		D5577F331A6EC71400CBE0AE /* Info.plist */ = {isa = PBXFileReference; lastKnownFileType = text.plist.xml; path = Info.plist; sourceTree = "<group>"; };
		D5577F341A6EC71400CBE0AE /* SplitViewAutolayoutTests.swift */ = {isa = PBXFileReference; lastKnownFileType = sourcecode.swift; path = SplitViewAutolayoutTests.swift; sourceTree = "<group>"; };
		D5577F3E1A6ECA1D00CBE0AE /* MenuView.swift */ = {isa = PBXFileReference; fileEncoding = 4; lastKnownFileType = sourcecode.swift; path = MenuView.swift; sourceTree = "<group>"; };
		D5577F401A6ECAB300CBE0AE /* SplitViewController.swift */ = {isa = PBXFileReference; fileEncoding = 4; lastKnownFileType = sourcecode.swift; path = SplitViewController.swift; sourceTree = "<group>"; };
		D557F0251A71886D00FE297B /* SplitView.swift */ = {isa = PBXFileReference; fileEncoding = 4; lastKnownFileType = sourcecode.swift; path = SplitView.swift; sourceTree = "<group>"; };
		D57853621A781DE100B38587 /* NSViewExtensions.swift */ = {isa = PBXFileReference; fileEncoding = 4; lastKnownFileType = sourcecode.swift; path = NSViewExtensions.swift; sourceTree = "<group>"; };
		D5B186851A7197BB00E20C51 /* Page1View.swift */ = {isa = PBXFileReference; fileEncoding = 4; lastKnownFileType = sourcecode.swift; path = Page1View.swift; sourceTree = "<group>"; };
		D5B186871A7197CB00E20C51 /* ContainerView.swift */ = {isa = PBXFileReference; fileEncoding = 4; lastKnownFileType = sourcecode.swift; path = ContainerView.swift; sourceTree = "<group>"; };
		D5B186891A7197E000E20C51 /* Page1ViewController.swift */ = {isa = PBXFileReference; fileEncoding = 4; lastKnownFileType = sourcecode.swift; path = Page1ViewController.swift; sourceTree = "<group>"; };
/* End PBXFileReference section */

/* Begin PBXFrameworksBuildPhase section */
		D5577F191A6EC71400CBE0AE /* Frameworks */ = {
			isa = PBXFrameworksBuildPhase;
			buildActionMask = 2147483647;
			files = (
			);
			runOnlyForDeploymentPostprocessing = 0;
		};
		D5577F2B1A6EC71400CBE0AE /* Frameworks */ = {
			isa = PBXFrameworksBuildPhase;
			buildActionMask = 2147483647;
			files = (
			);
			runOnlyForDeploymentPostprocessing = 0;
		};
/* End PBXFrameworksBuildPhase section */

/* Begin PBXGroup section */
		D5577F131A6EC71400CBE0AE = {
			isa = PBXGroup;
			children = (
				D5577F1E1A6EC71400CBE0AE /* SplitViewAutolayout */,
				D5577F311A6EC71400CBE0AE /* SplitViewAutolayoutTests */,
				D5577F1D1A6EC71400CBE0AE /* Products */,
			);
			sourceTree = "<group>";
		};
		D5577F1D1A6EC71400CBE0AE /* Products */ = {
			isa = PBXGroup;
			children = (
				D5577F1C1A6EC71400CBE0AE /* SplitViewAutolayout.app */,
				D5577F2E1A6EC71400CBE0AE /* SplitViewAutolayoutTests.xctest */,
			);
			name = Products;
			sourceTree = "<group>";
		};
		D5577F1E1A6EC71400CBE0AE /* SplitViewAutolayout */ = {
			isa = PBXGroup;
			children = (
				D57853611A781DAE00B38587 /* Extensions */,
				D5577F211A6EC71400CBE0AE /* AppDelegate.swift */,
				D5577F271A6EC71400CBE0AE /* Main.storyboard */,
				D5577F401A6ECAB300CBE0AE /* SplitViewController.swift */,
				D557F0251A71886D00FE297B /* SplitView.swift */,
				D506119F1A71938100DEFE4E /* MenuViewController.swift */,
				D5577F3E1A6ECA1D00CBE0AE /* MenuView.swift */,
				D506119D1A718AFE00DEFE4E /* ContainerViewController.swift */,
				D5B186871A7197CB00E20C51 /* ContainerView.swift */,
				D5B186891A7197E000E20C51 /* Page1ViewController.swift */,
				D5B186851A7197BB00E20C51 /* Page1View.swift */,
				D52A4F981A73D3C80074C481 /* Page2View.swift */,
				D52A4F9A1A73D8F70074C481 /* SecondStoryboard.storyboard */,
				D52A4F9C1A73D94F0074C481 /* Page3View.swift */,
				D5577F251A6EC71400CBE0AE /* Images.xcassets */,
				D5577F1F1A6EC71400CBE0AE /* Supporting Files */,
			);
			path = SplitViewAutolayout;
			sourceTree = "<group>";
		};
		D5577F1F1A6EC71400CBE0AE /* Supporting Files */ = {
			isa = PBXGroup;
			children = (
				D5577F201A6EC71400CBE0AE /* Info.plist */,
			);
			name = "Supporting Files";
			sourceTree = "<group>";
		};
		D5577F311A6EC71400CBE0AE /* SplitViewAutolayoutTests */ = {
			isa = PBXGroup;
			children = (
				D5577F341A6EC71400CBE0AE /* SplitViewAutolayoutTests.swift */,
				D5577F321A6EC71400CBE0AE /* Supporting Files */,
			);
			path = SplitViewAutolayoutTests;
			sourceTree = "<group>";
		};
		D5577F321A6EC71400CBE0AE /* Supporting Files */ = {
			isa = PBXGroup;
			children = (
				D5577F331A6EC71400CBE0AE /* Info.plist */,
			);
			name = "Supporting Files";
			sourceTree = "<group>";
		};
		D57853611A781DAE00B38587 /* Extensions */ = {
			isa = PBXGroup;
			children = (
				D57853621A781DE100B38587 /* NSViewExtensions.swift */,
			);
			name = Extensions;
			sourceTree = "<group>";
		};
/* End PBXGroup section */

/* Begin PBXNativeTarget section */
		D5577F1B1A6EC71400CBE0AE /* SplitViewAutolayout */ = {
			isa = PBXNativeTarget;
			buildConfigurationList = D5577F381A6EC71400CBE0AE /* Build configuration list for PBXNativeTarget "SplitViewAutolayout" */;
			buildPhases = (
				D5577F181A6EC71400CBE0AE /* Sources */,
				D5577F191A6EC71400CBE0AE /* Frameworks */,
				D5577F1A1A6EC71400CBE0AE /* Resources */,
			);
			buildRules = (
			);
			dependencies = (
			);
			name = SplitViewAutolayout;
			productName = SplitViewAutolayout;
			productReference = D5577F1C1A6EC71400CBE0AE /* SplitViewAutolayout.app */;
			productType = "com.apple.product-type.application";
		};
		D5577F2D1A6EC71400CBE0AE /* SplitViewAutolayoutTests */ = {
			isa = PBXNativeTarget;
			buildConfigurationList = D5577F3B1A6EC71400CBE0AE /* Build configuration list for PBXNativeTarget "SplitViewAutolayoutTests" */;
			buildPhases = (
				D5577F2A1A6EC71400CBE0AE /* Sources */,
				D5577F2B1A6EC71400CBE0AE /* Frameworks */,
				D5577F2C1A6EC71400CBE0AE /* Resources */,
			);
			buildRules = (
			);
			dependencies = (
				D5577F301A6EC71400CBE0AE /* PBXTargetDependency */,
			);
			name = SplitViewAutolayoutTests;
			productName = SplitViewAutolayoutTests;
			productReference = D5577F2E1A6EC71400CBE0AE /* SplitViewAutolayoutTests.xctest */;
			productType = "com.apple.product-type.bundle.unit-test";
		};
/* End PBXNativeTarget section */

/* Begin PBXProject section */
		D5577F141A6EC71400CBE0AE /* Project object */ = {
			isa = PBXProject;
			attributes = {
				LastUpgradeCheck = 0610;
				ORGANIZATIONNAME = Olosoft;
				TargetAttributes = {
					D5577F1B1A6EC71400CBE0AE = {
						CreatedOnToolsVersion = 6.1.1;
					};
					D5577F2D1A6EC71400CBE0AE = {
						CreatedOnToolsVersion = 6.1.1;
						TestTargetID = D5577F1B1A6EC71400CBE0AE;
					};
				};
			};
			buildConfigurationList = D5577F171A6EC71400CBE0AE /* Build configuration list for PBXProject "SplitViewAutolayout" */;
			compatibilityVersion = "Xcode 3.2";
			developmentRegion = English;
			hasScannedForEncodings = 0;
			knownRegions = (
				en,
				Base,
			);
			mainGroup = D5577F131A6EC71400CBE0AE;
			productRefGroup = D5577F1D1A6EC71400CBE0AE /* Products */;
			projectDirPath = "";
			projectRoot = "";
			targets = (
				D5577F1B1A6EC71400CBE0AE /* SplitViewAutolayout */,
				D5577F2D1A6EC71400CBE0AE /* SplitViewAutolayoutTests */,
			);
		};
/* End PBXProject section */

/* Begin PBXResourcesBuildPhase section */
		D5577F1A1A6EC71400CBE0AE /* Resources */ = {
			isa = PBXResourcesBuildPhase;
			buildActionMask = 2147483647;
			files = (
				D5577F261A6EC71400CBE0AE /* Images.xcassets in Resources */,
				D52A4F9B1A73D8F70074C481 /* SecondStoryboard.storyboard in Resources */,
				D5577F291A6EC71400CBE0AE /* Main.storyboard in Resources */,
			);
			runOnlyForDeploymentPostprocessing = 0;
		};
		D5577F2C1A6EC71400CBE0AE /* Resources */ = {
			isa = PBXResourcesBuildPhase;
			buildActionMask = 2147483647;
			files = (
			);
			runOnlyForDeploymentPostprocessing = 0;
		};
/* End PBXResourcesBuildPhase section */

/* Begin PBXSourcesBuildPhase section */
		D5577F181A6EC71400CBE0AE /* Sources */ = {
			isa = PBXSourcesBuildPhase;
			buildActionMask = 2147483647;
			files = (
				D506119E1A718AFE00DEFE4E /* ContainerViewController.swift in Sources */,
				D57853631A781DE100B38587 /* NSViewExtensions.swift in Sources */,
				D50611A01A71938100DEFE4E /* MenuViewController.swift in Sources */,
				D5577F3F1A6ECA1D00CBE0AE /* MenuView.swift in Sources */,
				D557F0261A71886D00FE297B /* SplitView.swift in Sources */,
				D52A4F9D1A73D94F0074C481 /* Page3View.swift in Sources */,
				D5B186881A7197CB00E20C51 /* ContainerView.swift in Sources */,
				D5577F221A6EC71400CBE0AE /* AppDelegate.swift in Sources */,
				D5B1868A1A7197E000E20C51 /* Page1ViewController.swift in Sources */,
				D5577F411A6ECAB300CBE0AE /* SplitViewController.swift in Sources */,
				D52A4F991A73D3C80074C481 /* Page2View.swift in Sources */,
				D5B186861A7197BB00E20C51 /* Page1View.swift in Sources */,
			);
			runOnlyForDeploymentPostprocessing = 0;
		};
		D5577F2A1A6EC71400CBE0AE /* Sources */ = {
			isa = PBXSourcesBuildPhase;
			buildActionMask = 2147483647;
			files = (
				D5577F351A6EC71400CBE0AE /* SplitViewAutolayoutTests.swift in Sources */,
			);
			runOnlyForDeploymentPostprocessing = 0;
		};
/* End PBXSourcesBuildPhase section */

/* Begin PBXTargetDependency section */
		D5577F301A6EC71400CBE0AE /* PBXTargetDependency */ = {
			isa = PBXTargetDependency;
			target = D5577F1B1A6EC71400CBE0AE /* SplitViewAutolayout */;
			targetProxy = D5577F2F1A6EC71400CBE0AE /* PBXContainerItemProxy */;
		};
/* End PBXTargetDependency section */

/* Begin PBXVariantGroup section */
		D5577F271A6EC71400CBE0AE /* Main.storyboard */ = {
			isa = PBXVariantGroup;
			children = (
				D5577F281A6EC71400CBE0AE /* Base */,
			);
			name = Main.storyboard;
			sourceTree = "<group>";
		};
/* End PBXVariantGroup section */

/* Begin XCBuildConfiguration section */
		D5577F361A6EC71400CBE0AE /* Debug */ = {
			isa = XCBuildConfiguration;
			buildSettings = {
				ALWAYS_SEARCH_USER_PATHS = NO;
				CLANG_CXX_LANGUAGE_STANDARD = "gnu++0x";
				CLANG_CXX_LIBRARY = "libc++";
				CLANG_ENABLE_MODULES = YES;
				CLANG_ENABLE_OBJC_ARC = YES;
				CLANG_WARN_BOOL_CONVERSION = YES;
				CLANG_WARN_CONSTANT_CONVERSION = YES;
				CLANG_WARN_DIRECT_OBJC_ISA_USAGE = YES_ERROR;
				CLANG_WARN_EMPTY_BODY = YES;
				CLANG_WARN_ENUM_CONVERSION = YES;
				CLANG_WARN_INT_CONVERSION = YES;
				CLANG_WARN_OBJC_ROOT_CLASS = YES_ERROR;
				CLANG_WARN_UNREACHABLE_CODE = YES;
				CLANG_WARN__DUPLICATE_METHOD_MATCH = YES;
				CODE_SIGN_IDENTITY = "-";
				COPY_PHASE_STRIP = NO;
				ENABLE_STRICT_OBJC_MSGSEND = YES;
				GCC_C_LANGUAGE_STANDARD = gnu99;
				GCC_DYNAMIC_NO_PIC = NO;
				GCC_OPTIMIZATION_LEVEL = 0;
				GCC_PREPROCESSOR_DEFINITIONS = (
					"DEBUG=1",
					"$(inherited)",
				);
				GCC_SYMBOLS_PRIVATE_EXTERN = NO;
				GCC_WARN_64_TO_32_BIT_CONVERSION = YES;
				GCC_WARN_ABOUT_RETURN_TYPE = YES_ERROR;
				GCC_WARN_UNDECLARED_SELECTOR = YES;
				GCC_WARN_UNINITIALIZED_AUTOS = YES_AGGRESSIVE;
				GCC_WARN_UNUSED_FUNCTION = YES;
				GCC_WARN_UNUSED_VARIABLE = YES;
				MACOSX_DEPLOYMENT_TARGET = 10.10;
				MTL_ENABLE_DEBUG_INFO = YES;
				ONLY_ACTIVE_ARCH = YES;
				SDKROOT = macosx;
				SWIFT_OPTIMIZATION_LEVEL = "-Onone";
			};
			name = Debug;
		};
		D5577F371A6EC71400CBE0AE /* Release */ = {
			isa = XCBuildConfiguration;
			buildSettings = {
				ALWAYS_SEARCH_USER_PATHS = NO;
				CLANG_CXX_LANGUAGE_STANDARD = "gnu++0x";
				CLANG_CXX_LIBRARY = "libc++";
				CLANG_ENABLE_MODULES = YES;
				CLANG_ENABLE_OBJC_ARC = YES;
				CLANG_WARN_BOOL_CONVERSION = YES;
				CLANG_WARN_CONSTANT_CONVERSION = YES;
				CLANG_WARN_DIRECT_OBJC_ISA_USAGE = YES_ERROR;
				CLANG_WARN_EMPTY_BODY = YES;
				CLANG_WARN_ENUM_CONVERSION = YES;
				CLANG_WARN_INT_CONVERSION = YES;
				CLANG_WARN_OBJC_ROOT_CLASS = YES_ERROR;
				CLANG_WARN_UNREACHABLE_CODE = YES;
				CLANG_WARN__DUPLICATE_METHOD_MATCH = YES;
				CODE_SIGN_IDENTITY = "-";
				COPY_PHASE_STRIP = YES;
				DEBUG_INFORMATION_FORMAT = "dwarf-with-dsym";
				ENABLE_NS_ASSERTIONS = NO;
				ENABLE_STRICT_OBJC_MSGSEND = YES;
				GCC_C_LANGUAGE_STANDARD = gnu99;
				GCC_WARN_64_TO_32_BIT_CONVERSION = YES;
				GCC_WARN_ABOUT_RETURN_TYPE = YES_ERROR;
				GCC_WARN_UNDECLARED_SELECTOR = YES;
				GCC_WARN_UNINITIALIZED_AUTOS = YES_AGGRESSIVE;
				GCC_WARN_UNUSED_FUNCTION = YES;
				GCC_WARN_UNUSED_VARIABLE = YES;
				MACOSX_DEPLOYMENT_TARGET = 10.10;
				MTL_ENABLE_DEBUG_INFO = NO;
				SDKROOT = macosx;
			};
			name = Release;
		};
		D5577F391A6EC71400CBE0AE /* Debug */ = {
			isa = XCBuildConfiguration;
			buildSettings = {
				ASSETCATALOG_COMPILER_APPICON_NAME = AppIcon;
				COMBINE_HIDPI_IMAGES = YES;
				INFOPLIST_FILE = SplitViewAutolayout/Info.plist;
				LD_RUNPATH_SEARCH_PATHS = "$(inherited) @executable_path/../Frameworks";
				PRODUCT_NAME = "$(TARGET_NAME)";
			};
			name = Debug;
		};
		D5577F3A1A6EC71400CBE0AE /* Release */ = {
			isa = XCBuildConfiguration;
			buildSettings = {
				ASSETCATALOG_COMPILER_APPICON_NAME = AppIcon;
				COMBINE_HIDPI_IMAGES = YES;
				INFOPLIST_FILE = SplitViewAutolayout/Info.plist;
				LD_RUNPATH_SEARCH_PATHS = "$(inherited) @executable_path/../Frameworks";
				PRODUCT_NAME = "$(TARGET_NAME)";
			};
			name = Release;
		};
		D5577F3C1A6EC71400CBE0AE /* Debug */ = {
			isa = XCBuildConfiguration;
			buildSettings = {
				BUNDLE_LOADER = "$(TEST_HOST)";
				COMBINE_HIDPI_IMAGES = YES;
				FRAMEWORK_SEARCH_PATHS = (
					"$(DEVELOPER_FRAMEWORKS_DIR)",
					"$(inherited)",
				);
				GCC_PREPROCESSOR_DEFINITIONS = (
					"DEBUG=1",
					"$(inherited)",
				);
				INFOPLIST_FILE = SplitViewAutolayoutTests/Info.plist;
				LD_RUNPATH_SEARCH_PATHS = "$(inherited) @executable_path/../Frameworks @loader_path/../Frameworks";
				PRODUCT_NAME = "$(TARGET_NAME)";
				TEST_HOST = "$(BUILT_PRODUCTS_DIR)/SplitViewAutolayout.app/Contents/MacOS/SplitViewAutolayout";
			};
			name = Debug;
		};
		D5577F3D1A6EC71400CBE0AE /* Release */ = {
			isa = XCBuildConfiguration;
			buildSettings = {
				BUNDLE_LOADER = "$(TEST_HOST)";
				COMBINE_HIDPI_IMAGES = YES;
				FRAMEWORK_SEARCH_PATHS = (
					"$(DEVELOPER_FRAMEWORKS_DIR)",
					"$(inherited)",
				);
				INFOPLIST_FILE = SplitViewAutolayoutTests/Info.plist;
				LD_RUNPATH_SEARCH_PATHS = "$(inherited) @executable_path/../Frameworks @loader_path/../Frameworks";
				PRODUCT_NAME = "$(TARGET_NAME)";
				TEST_HOST = "$(BUILT_PRODUCTS_DIR)/SplitViewAutolayout.app/Contents/MacOS/SplitViewAutolayout";
			};
			name = Release;
		};
/* End XCBuildConfiguration section */

/* Begin XCConfigurationList section */
		D5577F171A6EC71400CBE0AE /* Build configuration list for PBXProject "SplitViewAutolayout" */ = {
			isa = XCConfigurationList;
			buildConfigurations = (
				D5577F361A6EC71400CBE0AE /* Debug */,
				D5577F371A6EC71400CBE0AE /* Release */,
			);
			defaultConfigurationIsVisible = 0;
			defaultConfigurationName = Release;
		};
		D5577F381A6EC71400CBE0AE /* Build configuration list for PBXNativeTarget "SplitViewAutolayout" */ = {
			isa = XCConfigurationList;
			buildConfigurations = (
				D5577F391A6EC71400CBE0AE /* Debug */,
				D5577F3A1A6EC71400CBE0AE /* Release */,
			);
			defaultConfigurationIsVisible = 0;
			defaultConfigurationName = Release;
		};
		D5577F3B1A6EC71400CBE0AE /* Build configuration list for PBXNativeTarget "SplitViewAutolayoutTests" */ = {
			isa = XCConfigurationList;
			buildConfigurations = (
				D5577F3C1A6EC71400CBE0AE /* Debug */,
				D5577F3D1A6EC71400CBE0AE /* Release */,
			);
			defaultConfigurationIsVisible = 0;
			defaultConfigurationName = Release;
		};
/* End XCConfigurationList section */
	};
	rootObject = D5577F141A6EC71400CBE0AE /* Project object */;
}
